
Microsoft Visual Studio Solution File, Format Version 12.00
# Visual Studio Version 16
VisualStudioVersion = 16.0.29709.97
MinimumVisualStudioVersion = 10.0.40219.1
Project("{FAE04EC0-301F-11D3-BF4B-00C04F79EFBC}") = "SignalRTest", "SignalRTest\SignalRTest.csproj", "{74C649FB-FEF6-43B1-93D0-5351FD313F9A}"
EndProject
Global
	GlobalSection(SolutionConfigurationPlatforms) = preSolution
		Debug|Any CPU = Debug|Any CPU
		Release|Any CPU = Release|Any CPU
	EndGlobalSection
	GlobalSection(ProjectConfigurationPlatforms) = postSolution
		{74C649FB-FEF6-43B1-93D0-5351FD313F9A}.Debug|Any CPU.ActiveCfg = Debug|Any CPU
		{74C649FB-FEF6-43B1-93D0-5351FD313F9A}.Debug|Any CPU.Build.0 = Debug|Any CPU
		{74C649FB-FEF6-43B1-93D0-5351FD313F9A}.Release|Any CPU.ActiveCfg = Release|Any CPU
		{74C649FB-FEF6-43B1-93D0-5351FD313F9A}.Release|Any CPU.Build.0 = Release|Any CPU
	EndGlobalSection
	GlobalSection(SolutionProperties) = preSolution
		HideSolutionNode = FALSE
	EndGlobalSection
	GlobalSection(ExtensibilityGlobals) = postSolution
		SolutionGuid = {33DC703C-4C17-4FAF-A508-ACC061E520EA}
	EndGlobalSection
EndGlobal
